hash: a906aac8f40b57383fbdb599812fd962ff6e8ace74a8fd11741fc895cfee5974
updated: 2016-08-10T09:50:07.382184929+08:00
imports:
- name: github.com/armon/go-radix
  version: 4239b77079c7b5d1243b7b4736304ce8ddb6f0f2
- name: github.com/bgentry/speakeasy
  version: e1439544d8ecd0f3e9373a636d447668096a8f81
- name: github.com/boltdb/bolt
  version: 94c8db596809690a3f7046fa83c7b0dda13a3222
- name: github.com/golang/protobuf
  version: 2c1988e8c18d14b142c0b472624f71647cf39adb
  subpackages:
  - proto
- name: github.com/mattn/go-isatty
  version: 3a115632dcd687f9c8cd01679c83a06a0e21c1f3
- name: github.com/micro/go-micro
  version: 66c38b75aa8d6326f0d2e967d2ea45ba29ff8a28
  subpackages:
  - client
  - server
- name: github.com/micro/go-platform
  version: 1e631bb6815c2dbabe589649b8d89b5a460c41f5
  subpackages:
  - config
  - auth
- name: github.com/micro/go-plugins
  version: b014ffad595416c5c6f6b9868e2e55b5ad9b090d
- name: github.com/mitchellh/cli
  version: 168daae10d6ff81b8b1201b0a4c9607d7e9b82e3
- name: github.com/satori/go.uuid
  version: 0aa62d5ddceb50dbcb909d790b5345affd3669b6
- name: golang.org/x/crypto
  version: e0d166c33c321d0ff863f459a5882096e334f508
  subpackages:
  - bcrypt
- name: golang.org/x/net
  version: 075e191f18186a8ff2becaf64478e30f4545cdad
  subpackages:
  - context
- name: gopkg.in/fsnotify.v1
  version: a8a77c9133d2d6fd8334f3260d06f60e8d80a5fb
testImports: []
